
Microsoft Visual Studio Solution File, Format Version 12.00
# Visual Studio 15
VisualStudioVersion = 15.0.28307.705
MinimumVisualStudioVersion = 10.0.40219.1
Project("{FAE04EC0-301F-11D3-BF4B-00C04F79EFBC}") = "CDS.Android", "CDS\CDS.Android\CDS.Android.csproj", "{A534EF8F-DD12-42D9-A9D4-4D3C4B9FF203}"
EndProject
Project("{FAE04EC0-301F-11D3-BF4B-00C04F79EFBC}") = "CDS.iOS", "CDS\CDS.iOS\CDS.iOS.csproj", "{341875B5-40AA-48A8-80FF-E2FB3A7D249D}"
EndProject
Project("{FAE04EC0-301F-11D3-BF4B-00C04F79EFBC}") = "CDS", "CDS\CDS\CDS.csproj", "{4058F125-B61C-47AC-AED7-42C5CF84CCAF}"
EndProject
Global
	GlobalSection(SolutionConfigurationPlatforms) = preSolution
		Ad-Hoc|Any CPU = Ad-Hoc|Any CPU
		Ad-Hoc|iPhone = Ad-Hoc|iPhone
		Ad-Hoc|iPhoneSimulator = Ad-Hoc|iPhoneSimulator
		AppStore|Any CPU = AppStore|Any CPU
		AppStore|iPhone = AppStore|iPhone
		AppStore|iPhoneSimulator = AppStore|iPhoneSimulator
		Debug|Any CPU = Debug|Any CPU
		Debug|iPhone = Debug|iPhone
		Debug|iPhoneSimulator = Debug|iPhoneSimulator
		Release|Any CPU = Release|Any CPU
		Release|iPhone = Release|iPhone
		Release|iPhoneSimulator = Release|iPhoneSimulator
	EndGlobalSection
	GlobalSection(ProjectConfigurationPlatforms) = postSolution
		{A534EF8F-DD12-42D9-A9D4-4D3C4B9FF203}.Ad-Hoc|Any CPU.ActiveCfg = Release|Any CPU
		{A534EF8F-DD12-42D9-A9D4-4D3C4B9FF203}.Ad-Hoc|Any CPU.Build.0 = Release|Any CPU
		{A534EF8F-DD12-42D9-A9D4-4D3C4B9FF203}.Ad-Hoc|Any CPU.Deploy.0 = Release|Any CPU
		{A534EF8F-DD12-42D9-A9D4-4D3C4B9FF203}.Ad-Hoc|iPhone.ActiveCfg = Release|Any CPU
		{A534EF8F-DD12-42D9-A9D4-4D3C4B9FF203}.Ad-Hoc|iPhone.Build.0 = Release|Any CPU
		{A534EF8F-DD12-42D9-A9D4-4D3C4B9FF203}.Ad-Hoc|iPhone.Deploy.0 = Release|Any CPU
		{A534EF8F-DD12-42D9-A9D4-4D3C4B9FF203}.Ad-Hoc|iPhoneSimulator.ActiveCfg = Release|Any CPU
		{A534EF8F-DD12-42D9-A9D4-4D3C4B9FF203}.Ad-Hoc|iPhoneSimulator.Build.0 = Release|Any CPU
		{A534EF8F-DD12-42D9-A9D4-4D3C4B9FF203}.Ad-Hoc|iPhoneSimulator.Deploy.0 = Release|Any CPU
		{A534EF8F-DD12-42D9-A9D4-4D3C4B9FF203}.AppStore|Any CPU.ActiveCfg = Release|Any CPU
		{A534EF8F-DD12-42D9-A9D4-4D3C4B9FF203}.AppStore|Any CPU.Build.0 = Release|Any CPU
		{A534EF8F-DD12-42D9-A9D4-4D3C4B9FF203}.AppStore|Any CPU.Deploy.0 = Release|Any CPU
		{A534EF8F-DD12-42D9-A9D4-4D3C4B9FF203}.AppStore|iPhone.ActiveCfg = Release|Any CPU
		{A534EF8F-DD12-42D9-A9D4-4D3C4B9FF203}.AppStore|iPhone.Build.0 = Release|Any CPU
		{A534EF8F-DD12-42D9-A9D4-4D3C4B9FF203}.AppStore|iPhone.Deploy.0 = Release|Any CPU
		{A534EF8F-DD12-42D9-A9D4-4D3C4B9FF203}.AppStore|iPhoneSimulator.ActiveCfg = Release|Any CPU
		{A534EF8F-DD12-42D9-A9D4-4D3C4B9FF203}.AppStore|iPhoneSimulator.Build.0 = Release|Any CPU
		{A534EF8F-DD12-42D9-A9D4-4D3C4B9FF203}.AppStore|iPhoneSimulator.Deploy.0 = Release|Any CPU
		{A534EF8F-DD12-42D9-A9D4-4D3C4B9FF203}.Debug|Any CPU.ActiveCfg = Debug|Any CPU
		{A534EF8F-DD12-42D9-A9D4-4D3C4B9FF203}.Debug|Any CPU.Build.0 = Debug|Any CPU
		{A534EF8F-DD12-42D9-A9D4-4D3C4B9FF203}.Debug|Any CPU.Deploy.0 = Debug|Any CPU
		{A534EF8F-DD12-42D9-A9D4-4D3C4B9FF203}.Debug|iPhone.ActiveCfg = Debug|Any CPU
		{A534EF8F-DD12-42D9-A9D4-4D3C4B9FF203}.Debug|iPhone.Build.0 = Debug|Any CPU
		{A534EF8F-DD12-42D9-A9D4-4D3C4B9FF203}.Debug|iPhone.Deploy.0 = Debug|Any CPU
		{A534EF8F-DD12-42D9-A9D4-4D3C4B9FF203}.Debug|iPhoneSimulator.ActiveCfg = Debug|Any CPU
		{A534EF8F-DD12-42D9-A9D4-4D3C4B9FF203}.Debug|iPhoneSimulator.Build.0 = Debug|Any CPU
		{A534EF8F-DD12-42D9-A9D4-4D3C4B9FF203}.Debug|iPhoneSimulator.Deploy.0 = Debug|Any CPU
		{A534EF8F-DD12-42D9-A9D4-4D3C4B9FF203}.Release|Any CPU.ActiveCfg = Release|Any CPU
		{A534EF8F-DD12-42D9-A9D4-4D3C4B9FF203}.Release|Any CPU.Build.0 = Release|Any CPU
		{A534EF8F-DD12-42D9-A9D4-4D3C4B9FF203}.Release|Any CPU.Deploy.0 = Release|Any CPU
		{A534EF8F-DD12-42D9-A9D4-4D3C4B9FF203}.Release|iPhone.ActiveCfg = Release|Any CPU
		{A534EF8F-DD12-42D9-A9D4-4D3C4B9FF203}.Release|iPhone.Build.0 = Release|Any CPU
		{A534EF8F-DD12-42D9-A9D4-4D3C4B9FF203}.Release|iPhone.Deploy.0 = Release|Any CPU
		{A534EF8F-DD12-42D9-A9D4-4D3C4B9FF203}.Release|iPhoneSimulator.ActiveCfg = Release|Any CPU
		{A534EF8F-DD12-42D9-A9D4-4D3C4B9FF203}.Release|iPhoneSimulator.Build.0 = Release|Any CPU
		{A534EF8F-DD12-42D9-A9D4-4D3C4B9FF203}.Release|iPhoneSimulator.Deploy.0 = Release|Any CPU
		{341875B5-40AA-48A8-80FF-E2FB3A7D249D}.Ad-Hoc|Any CPU.ActiveCfg = Ad-Hoc|iPhone
		{341875B5-40AA-48A8-80FF-E2FB3A7D249D}.Ad-Hoc|Any CPU.Build.0 = Ad-Hoc|iPhone
		{341875B5-40AA-48A8-80FF-E2FB3A7D249D}.Ad-Hoc|Any CPU.Deploy.0 = Ad-Hoc|iPhone
		{341875B5-40AA-48A8-80FF-E2FB3A7D249D}.Ad-Hoc|iPhone.ActiveCfg = Ad-Hoc|iPhone
		{341875B5-40AA-48A8-80FF-E2FB3A7D249D}.Ad-Hoc|iPhone.Build.0 = Ad-Hoc|iPhone
		{341875B5-40AA-48A8-80FF-E2FB3A7D249D}.Ad-Hoc|iPhone.Deploy.0 = Ad-Hoc|iPhone
		{341875B5-40AA-48A8-80FF-E2FB3A7D249D}.Ad-Hoc|iPhoneSimulator.ActiveCfg = Ad-Hoc|iPhoneSimulator
		{341875B5-40AA-48A8-80FF-E2FB3A7D249D}.Ad-Hoc|iPhoneSimulator.Build.0 = Ad-Hoc|iPhoneSimulator
		{341875B5-40AA-48A8-80FF-E2FB3A7D249D}.Ad-Hoc|iPhoneSimulator.Deploy.0 = Ad-Hoc|iPhoneSimulator
		{341875B5-40AA-48A8-80FF-E2FB3A7D249D}.AppStore|Any CPU.ActiveCfg = AppStore|iPhone
		{341875B5-40AA-48A8-80FF-E2FB3A7D249D}.AppStore|Any CPU.Build.0 = AppStore|iPhone
		{341875B5-40AA-48A8-80FF-E2FB3A7D249D}.AppStore|Any CPU.Deploy.0 = AppStore|iPhone
		{341875B5-40AA-48A8-80FF-E2FB3A7D249D}.AppStore|iPhone.ActiveCfg = AppStore|iPhone
		{341875B5-40AA-48A8-80FF-E2FB3A7D249D}.AppStore|iPhone.Build.0 = AppStore|iPhone
		{341875B5-40AA-48A8-80FF-E2FB3A7D249D}.AppStore|iPhone.Deploy.0 = AppStore|iPhone
		{341875B5-40AA-48A8-80FF-E2FB3A7D249D}.AppStore|iPhoneSimulator.ActiveCfg = AppStore|iPhoneSimulator
		{341875B5-40AA-48A8-80FF-E2FB3A7D249D}.AppStore|iPhoneSimulator.Build.0 = AppStore|iPhoneSimulator
		{341875B5-40AA-48A8-80FF-E2FB3A7D249D}.AppStore|iPhoneSimulator.Deploy.0 = AppStore|iPhoneSimulator
		{341875B5-40AA-48A8-80FF-E2FB3A7D249D}.Debug|Any CPU.ActiveCfg = Debug|iPhoneSimulator
		{341875B5-40AA-48A8-80FF-E2FB3A7D249D}.Debug|Any CPU.Build.0 = Debug|iPhoneSimulator
		{341875B5-40AA-48A8-80FF-E2FB3A7D249D}.Debug|Any CPU.Deploy.0 = Debug|iPhoneSimulator
		{341875B5-40AA-48A8-80FF-E2FB3A7D249D}.Debug|iPhone.ActiveCfg = Debug|iPhone
		{341875B5-40AA-48A8-80FF-E2FB3A7D249D}.Debug|iPhone.Build.0 = Debug|iPhone
		{341875B5-40AA-48A8-80FF-E2FB3A7D249D}.Debug|iPhone.Deploy.0 = Debug|iPhone
		{341875B5-40AA-48A8-80FF-E2FB3A7D249D}.Debug|iPhoneSimulator.ActiveCfg = Debug|iPhoneSimulator
		{341875B5-40AA-48A8-80FF-E2FB3A7D249D}.Debug|iPhoneSimulator.Build.0 = Debug|iPhoneSimulator
		{341875B5-40AA-48A8-80FF-E2FB3A7D249D}.Debug|iPhoneSimulator.Deploy.0 = Debug|iPhoneSimulator
		{341875B5-40AA-48A8-80FF-E2FB3A7D249D}.Release|Any CPU.ActiveCfg = Release|iPhone
		{341875B5-40AA-48A8-80FF-E2FB3A7D249D}.Release|Any CPU.Build.0 = Release|iPhone
		{341875B5-40AA-48A8-80FF-E2FB3A7D249D}.Release|Any CPU.Deploy.0 = Release|iPhone
		{341875B5-40AA-48A8-80FF-E2FB3A7D249D}.Release|iPhone.ActiveCfg = Release|iPhone
		{341875B5-40AA-48A8-80FF-E2FB3A7D249D}.Release|iPhone.Build.0 = Release|iPhone
		{341875B5-40AA-48A8-80FF-E2FB3A7D249D}.Release|iPhone.Deploy.0 = Release|iPhone
		{341875B5-40AA-48A8-80FF-E2FB3A7D249D}.Release|iPhoneSimulator.ActiveCfg = Release|iPhoneSimulator
		{341875B5-40AA-48A8-80FF-E2FB3A7D249D}.Release|iPhoneSimulator.Build.0 = Release|iPhoneSimulator
		{341875B5-40AA-48A8-80FF-E2FB3A7D249D}.Release|iPhoneSimulator.Deploy.0 = Release|iPhoneSimulator
		{4058F125-B61C-47AC-AED7-42C5CF84CCAF}.Ad-Hoc|Any CPU.ActiveCfg = Debug|Any CPU
		{4058F125-B61C-47AC-AED7-42C5CF84CCAF}.Ad-Hoc|Any CPU.Build.0 = Debug|Any CPU
		{4058F125-B61C-47AC-AED7-42C5CF84CCAF}.Ad-Hoc|Any CPU.Deploy.0 = Debug|Any CPU
		{4058F125-B61C-47AC-AED7-42C5CF84CCAF}.Ad-Hoc|iPhone.ActiveCfg = Debug|Any CPU
		{4058F125-B61C-47AC-AED7-42C5CF84CCAF}.Ad-Hoc|iPhone.Build.0 = Debug|Any CPU
		{4058F125-B61C-47AC-AED7-42C5CF84CCAF}.Ad-Hoc|iPhone.Deploy.0 = Debug|Any CPU
		{4058F125-B61C-47AC-AED7-42C5CF84CCAF}.Ad-Hoc|iPhoneSimulator.ActiveCfg = Debug|Any CPU
		{4058F125-B61C-47AC-AED7-42C5CF84CCAF}.Ad-Hoc|iPhoneSimulator.Build.0 = Debug|Any CPU
		{4058F125-B61C-47AC-AED7-42C5CF84CCAF}.Ad-Hoc|iPhoneSimulator.Deploy.0 = Debug|Any CPU
		{4058F125-B61C-47AC-AED7-42C5CF84CCAF}.AppStore|Any CPU.ActiveCfg = Debug|Any CPU
		{4058F125-B61C-47AC-AED7-42C5CF84CCAF}.AppStore|Any CPU.Build.0 = Debug|Any CPU
		{4058F125-B61C-47AC-AED7-42C5CF84CCAF}.AppStore|Any CPU.Deploy.0 = Debug|Any CPU
		{4058F125-B61C-47AC-AED7-42C5CF84CCAF}.AppStore|iPhone.ActiveCfg = Debug|Any CPU
		{4058F125-B61C-47AC-AED7-42C5CF84CCAF}.AppStore|iPhone.Build.0 = Debug|Any CPU
		{4058F125-B61C-47AC-AED7-42C5CF84CCAF}.AppStore|iPhone.Deploy.0 = Debug|Any CPU
		{4058F125-B61C-47AC-AED7-42C5CF84CCAF}.AppStore|iPhoneSimulator.ActiveCfg = Debug|Any CPU
		{4058F125-B61C-47AC-AED7-42C5CF84CCAF}.AppStore|iPhoneSimulator.Build.0 = Debug|Any CPU
		{4058F125-B61C-47AC-AED7-42C5CF84CCAF}.AppStore|iPhoneSimulator.Deploy.0 = Debug|Any CPU
		{4058F125-B61C-47AC-AED7-42C5CF84CCAF}.Debug|Any CPU.ActiveCfg = Debug|Any CPU
		{4058F125-B61C-47AC-AED7-42C5CF84CCAF}.Debug|Any CPU.Build.0 = Debug|Any CPU
		{4058F125-B61C-47AC-AED7-42C5CF84CCAF}.Debug|Any CPU.Deploy.0 = Debug|Any CPU
		{4058F125-B61C-47AC-AED7-42C5CF84CCAF}.Debug|iPhone.ActiveCfg = Debug|Any CPU
		{4058F125-B61C-47AC-AED7-42C5CF84CCAF}.Debug|iPhone.Build.0 = Debug|Any CPU
		{4058F125-B61C-47AC-AED7-42C5CF84CCAF}.Debug|iPhone.Deploy.0 = Debug|Any CPU
		{4058F125-B61C-47AC-AED7-42C5CF84CCAF}.Debug|iPhoneSimulator.ActiveCfg = Debug|Any CPU
		{4058F125-B61C-47AC-AED7-42C5CF84CCAF}.Debug|iPhoneSimulator.Build.0 = Debug|Any CPU
		{4058F125-B61C-47AC-AED7-42C5CF84CCAF}.Debug|iPhoneSimulator.Deploy.0 = Debug|Any CPU
		{4058F125-B61C-47AC-AED7-42C5CF84CCAF}.Release|Any CPU.ActiveCfg = Release|Any CPU
		{4058F125-B61C-47AC-AED7-42C5CF84CCAF}.Release|Any CPU.Build.0 = Release|Any CPU
		{4058F125-B61C-47AC-AED7-42C5CF84CCAF}.Release|Any CPU.Deploy.0 = Release|Any CPU
		{4058F125-B61C-47AC-AED7-42C5CF84CCAF}.Release|iPhone.ActiveCfg = Release|Any CPU
		{4058F125-B61C-47AC-AED7-42C5CF84CCAF}.Release|iPhone.Build.0 = Release|Any CPU
		{4058F125-B61C-47AC-AED7-42C5CF84CCAF}.Release|iPhone.Deploy.0 = Release|Any CPU
		{4058F125-B61C-47AC-AED7-42C5CF84CCAF}.Release|iPhoneSimulator.ActiveCfg = Release|Any CPU
		{4058F125-B61C-47AC-AED7-42C5CF84CCAF}.Release|iPhoneSimulator.Build.0 = Release|Any CPU
		{4058F125-B61C-47AC-AED7-42C5CF84CCAF}.Release|iPhoneSimulator.Deploy.0 = Release|Any CPU
	EndGlobalSection
	GlobalSection(SolutionProperties) = preSolution
		HideSolutionNode = FALSE
	EndGlobalSection
	GlobalSection(ExtensibilityGlobals) = postSolution
		SolutionGuid = {FC5F1B42-DE20-4CDF-B868-DF2E7B87210C}
	EndGlobalSection
EndGlobal
